{
  "pins" : [
    {
      "identity" : "flagkit",
      "kind" : "remoteSourceControl",
      "location" : "https://github.com/madebybowtie/FlagKit.git",
      "state" : {
        "revision" : "f12111d91902d23fd1d9cc7ad9198030b049795d",
        "version" : "2.4.0"
      }
    },
    {
      "identity" : "molh",
      "kind" : "remoteSourceControl",
      "location" : "https://github.com/MoathOthman/MOLH.git",
      "state" : {
        "branch" : "master",
        "revision" : "8cb09ae21f7c9af97a5561c1bf31fab2f136757c"
      }
    },
    {
      "identity" : "reachability.swift",
      "kind" : "remoteSourceControl",
      "location" : "https://github.com/ashleymills/Reachability.swift",
      "state" : {
        "revision" : "c01bbdf2d633cf049ae1ed1a68a2020a8bda32e2",
        "version" : "5.1.0"
      }
    },
    {
      "identity" : "rxreachability",
      "kind" : "remoteSourceControl",
      "location" : "https://github.com/RxSwiftCommunity/RxReachability",
      "state" : {
        "branch" : "develop",
        "revision" : "21690546d45f1c7fdc8816ade8e39ee20c7832e7"
      }
    },
    {
      "identity" : "rxswift",
      "kind" : "remoteSourceControl",
      "location" : "https://github.com/ReactiveX/RxSwift",
      "state" : {
        "revision" : "b4307ba0b6425c0ba4178e138799946c3da594f8",
        "version" : "6.5.0"
      }
    },
    {
      "identity" : "sdwebimage",
      "kind" : "remoteSourceControl",
      "location" : "https://github.com/SDWebImage/SDWebImage.git",
      "state" : {
        "revision" : "2e63d0061da449ad0ed130768d05dceb1496de44",
        "version" : "5.12.5"
      }
    }
  ],
  "version" : 2
}
